{
  "object": {
    "pins": [
      {
        "package": "async-http-client",
        "repositoryURL": "https://github.com/swift-server/async-http-client.git",
        "state": {
          "branch": null,
          "revision": "e2636a4c24e646d3e480fc666da0c090818beb09",
          "version": "1.1.0"
        }
      },
      {
        "package": "Cryptor",
        "repositoryURL": "https://github.com/IBM-Swift/BlueCryptor.git",
        "state": {
          "branch": null,
          "revision": "12d2bf3ec7207ec3cd004b9582f69ef5fae1da3b",
          "version": "1.0.32"
        }
      },
      {
        "package": "SmokeAWS",
        "repositoryURL": "https://github.com/amzn/smoke-aws.git",
        "state": {
          "branch": "async-http-client",
          "revision": "ca9c34df5f3ecd35f228e1a8a5b6419043a9cfe2",
          "version": null
        }
      },
      {
        "package": "SmokeAWSCredentials",
        "repositoryURL": "https://github.com/amzn/smoke-aws-credentials.git",
        "state": {
          "branch": "async-http-client",
          "revision": "1cfa52ccb89725d4f0aa0fbed93e56b948a9c531",
          "version": null
        }
      },
      {
        "package": "SmokeDynamoDB",
        "repositoryURL": "https://github.com/amzn/smoke-dynamodb.git",
        "state": {
          "branch": "async-http-client",
          "revision": "b162ca837ce276e08defaa5a777e5fcf15d54fd9",
          "version": null
        }
      },
      {
        "package": "SmokeFramework",
        "repositoryURL": "https://github.com/amzn/smoke-framework.git",
        "state": {
          "branch": "async-http-client",
          "revision": "b9cac1b1154e3a6639b3ba29aa4ceca89f1730d8",
          "version": null
        }
      },
      {
        "package": "SmokeHTTP",
        "repositoryURL": "https://github.com/amzn/smoke-http.git",
        "state": {
          "branch": "async-http-client",
          "revision": "ed672540abe1b1e2633822765e26b5448434d2fa",
          "version": null
        }
      },
      {
        "package": "swift-log",
        "repositoryURL": "https://github.com/apple/swift-log.git",
        "state": {
          "branch": null,
          "revision": "74d7b91ceebc85daf387ebb206003f78813f71aa",
          "version": "1.2.0"
        }
      },
      {
        "package": "swift-metrics",
        "repositoryURL": "https://github.com/apple/swift-metrics.git",
        "state": {
          "branch": null,
          "revision": "708b960b4605abb20bc55d65abf6bad607252200",
          "version": "2.0.0"
        }
      },
      {
        "package": "swift-nio",
        "repositoryURL": "https://github.com/apple/swift-nio.git",
        "state": {
          "branch": null,
          "revision": "16ab4d657e1ad4e77bd5f8b94af8538561643053",
          "version": "2.14.0"
        }
      },
      {
        "package": "swift-nio-extras",
        "repositoryURL": "https://github.com/apple/swift-nio-extras.git",
        "state": {
          "branch": null,
          "revision": "b4dbfacff47fb8d0f9e0a422d8d37935a9f10570",
          "version": "1.4.0"
        }
      },
      {
        "package": "swift-nio-ssl",
        "repositoryURL": "https://github.com/apple/swift-nio-ssl.git",
        "state": {
          "branch": null,
          "revision": "af46d9b58fafbb76f9b01177568d435a1b024f99",
          "version": "2.6.2"
        }
      },
      {
        "package": "XMLCoding",
        "repositoryURL": "https://github.com/LiveUI/XMLCoding.git",
        "state": {
          "branch": null,
          "revision": "f0fbfe17e73f329e13a6133ff5437f7b174049fd",
          "version": "0.4.1"
        }
      }
    ]
  },
  "version": 1
}
